{
    "_readme": [
        "This file locks the dependencies of your project to a known state",
        "Read more about it at https://getcomposer.org/doc/01-basic-usage.md#composer-lock-the-lock-file",
        "This file is @generated automatically"
    ],
    "hash": "ede9e47029b4c14805b9735c73e6bc71",
    "content-hash": "897fcde36995415ba9e238f84360bf86",
    "packages": [
        {
            "name": "corviz/framework",
            "version": "dev-feature/database_access",
            "source": {
                "type": "git",
                "url": "https://github.com/Corviz/framework.git",
                "reference": "d320b414d9fae3d3ac678c09dabd22c7a7c4f261"
            },
            "dist": {
                "type": "zip",
                "url": "https://api.github.com/repos/Corviz/framework/zipball/d320b414d9fae3d3ac678c09dabd22c7a7c4f261",
                "reference": "d320b414d9fae3d3ac678c09dabd22c7a7c4f261",
                "shasum": ""
            },
            "require": {
                "php": ">=7"
            },
            "require-dev": {
                "phpunit/phpunit": ">=5.4"
            },
            "type": "library",
            "autoload": {
                "psr-4": {
                    "Corviz\\": "./src"
                }
            },
            "notification-url": "https://packagist.org/downloads/",
            "license": [
                "MIT"
            ],
            "description": "Low weight php framework",
            "time": "2017-05-26 13:59:17"
        },
        {
            "name": "corviz/pdo-connector",
            "version": "dev-master",
            "source": {
                "type": "git",
                "url": "https://github.com/Corviz/pdo-connector.git",
                "reference": "f2205e41ffe87c30a4539e614b9462f2314c38e6"
            },
            "dist": {
                "type": "zip",
                "url": "https://api.github.com/repos/Corviz/pdo-connector/zipball/f2205e41ffe87c30a4539e614b9462f2314c38e6",
                "reference": "f2205e41ffe87c30a4539e614b9462f2314c38e6",
                "shasum": ""
            },
            "require": {
                "corviz/framework": "dev-feature/database_access"
            },
            "type": "library",
            "autoload": {
                "psr-4": {
                    "Corviz\\Connector\\PDO\\": "./src"
                }
            },
            "notification-url": "https://packagist.org/downloads/",
            "description": "A database connector based on PDO",
            "time": "2017-06-01 02:55:18"
        }
    ],
    "packages-dev": [],
    "aliases": [],
    "minimum-stability": "dev",
    "stability-flags": {
        "corviz/pdo-connector": 20
    },
    "prefer-stable": false,
    "prefer-lowest": false,
    "platform": [],
    "platform-dev": []
}
